
Microsoft Visual Studio Solution File, Format Version 12.00
# Visual Studio Version 16
VisualStudioVersion = 16.0.33328.57
MinimumVisualStudioVersion = 10.0.40219.1
Project("{FAE04EC0-301F-11D3-BF4B-00C04F79EFBC}") = "EliteHangers", "EliteHangers.csproj", "{F358C5A9-D7FB-4A2B-AA6E-5828C72D8CDB}"
EndProject
Global
	GlobalSection(SolutionConfigurationPlatforms) = preSolution
		Debug|Any CPU = Debug|Any CPU
		Release|Any CPU = Release|Any CPU
	EndGlobalSection
	GlobalSection(ProjectConfigurationPlatforms) = postSolution
		{F358C5A9-D7FB-4A2B-AA6E-5828C72D8CDB}.Debug|Any CPU.ActiveCfg = Debug|Any CPU
		{F358C5A9-D7FB-4A2B-AA6E-5828C72D8CDB}.Debug|Any CPU.Build.0 = Debug|Any CPU
		{F358C5A9-D7FB-4A2B-AA6E-5828C72D8CDB}.Release|Any CPU.ActiveCfg = Release|Any CPU
		{F358C5A9-D7FB-4A2B-AA6E-5828C72D8CDB}.Release|Any CPU.Build.0 = Release|Any CPU
	EndGlobalSection
	GlobalSection(SolutionProperties) = preSolution
		HideSolutionNode = FALSE
	EndGlobalSection
	GlobalSection(ExtensibilityGlobals) = postSolution
		SolutionGuid = {5E7A2AE1-DBD1-49BC-87AD-CDB463BE2963}
	EndGlobalSection
EndGlobal
